// !$*UTF8*$!
{
	archiveVersion = 1;
	classes = {
	};
	objectVersion = 56;
	objects = {

/* Begin PBXBuildFile section */
		DD8FDBA82AE548D000D33525 /* StripeDetection.swift in Sources */ = {isa = PBXBuildFile; fileRef = DD8FDBA72AE548D000D33525 /* StripeDetection.swift */; };
		DDAE77332AE66D0400CEAFC2 /* SetupChangeBoxView.swift in Sources */ = {isa = PBXBuildFile; fileRef = DDAE77322AE66D0400CEAFC2 /* SetupChangeBoxView.swift */; };
		DDFF75862AE1558D009AFD0F /* AppDelegate.swift in Sources */ = {isa = PBXBuildFile; fileRef = DDFF75852AE1558D009AFD0F /* AppDelegate.swift */; };
		DDFF75882AE1558D009AFD0F /* SceneDelegate.swift in Sources */ = {isa = PBXBuildFile; fileRef = DDFF75872AE1558D009AFD0F /* SceneDelegate.swift */; };
		DDFF758A2AE1558D009AFD0F /* SetupViewController.swift in Sources */ = {isa = PBXBuildFile; fileRef = DDFF75892AE1558D009AFD0F /* SetupViewController.swift */; };
		DDFF758D2AE1558D009AFD0F /* Main.storyboard in Resources */ = {isa = PBXBuildFile; fileRef = DDFF758B2AE1558D009AFD0F /* Main.storyboard */; };
		DDFF758F2AE15591009AFD0F /* Assets.xcassets in Resources */ = {isa = PBXBuildFile; fileRef = DDFF758E2AE15591009AFD0F /* Assets.xcassets */; };
		DDFF75922AE15591009AFD0F /* LaunchScreen.storyboard in Resources */ = {isa = PBXBuildFile; fileRef = DDFF75902AE15591009AFD0F /* LaunchScreen.storyboard */; };
		DDFF759A2AE15D4D009AFD0F /* SetupTakePhotoView.swift in Sources */ = {isa = PBXBuildFile; fileRef = DDFF75992AE15D4D009AFD0F /* SetupTakePhotoView.swift */; };
		DDFF759C2AE1619A009AFD0F /* SetupProcessPhotoView.swift in Sources */ = {isa = PBXBuildFile; fileRef = DDFF759B2AE1619A009AFD0F /* SetupProcessPhotoView.swift */; };
/* End PBXBuildFile section */

/* Begin PBXCopyFilesBuildPhase section */
		DD8FDB9B2AE5228F00D33525 /* Embed Frameworks */ = {
			isa = PBXCopyFilesBuildPhase;
			buildActionMask = 2147483647;
			dstPath = "";
			dstSubfolderSpec = 10;
			files = (
			);
			name = "Embed Frameworks";
			runOnlyForDeploymentPostprocessing = 0;
		};
/* End PBXCopyFilesBuildPhase section */

/* Begin PBXFileReference section */
		DD8FDBA72AE548D000D33525 /* StripeDetection.swift */ = {isa = PBXFileReference; lastKnownFileType = sourcecode.swift; path = StripeDetection.swift; sourceTree = "<group>"; };
		DDAE77322AE66D0400CEAFC2 /* SetupChangeBoxView.swift */ = {isa = PBXFileReference; lastKnownFileType = sourcecode.swift; path = SetupChangeBoxView.swift; sourceTree = "<group>"; };
		DDFF75822AE1558D009AFD0F /* TestStripAnalyzer.app */ = {isa = PBXFileReference; explicitFileType = wrapper.application; includeInIndex = 0; path = TestStripAnalyzer.app; sourceTree = BUILT_PRODUCTS_DIR; };
		DDFF75852AE1558D009AFD0F /* AppDelegate.swift */ = {isa = PBXFileReference; lastKnownFileType = sourcecode.swift; path = AppDelegate.swift; sourceTree = "<group>"; };
		DDFF75872AE1558D009AFD0F /* SceneDelegate.swift */ = {isa = PBXFileReference; lastKnownFileType = sourcecode.swift; path = SceneDelegate.swift; sourceTree = "<group>"; };
		DDFF75892AE1558D009AFD0F /* SetupViewController.swift */ = {isa = PBXFileReference; lastKnownFileType = sourcecode.swift; path = SetupViewController.swift; sourceTree = "<group>"; };
		DDFF758C2AE1558D009AFD0F /* Base */ = {isa = PBXFileReference; lastKnownFileType = file.storyboard; name = Base; path = Base.lproj/Main.storyboard; sourceTree = "<group>"; };
		DDFF758E2AE15591009AFD0F /* Assets.xcassets */ = {isa = PBXFileReference; lastKnownFileType = folder.assetcatalog; path = Assets.xcassets; sourceTree = "<group>"; };
		DDFF75912AE15591009AFD0F /* Base */ = {isa = PBXFileReference; lastKnownFileType = file.storyboard; name = Base; path = Base.lproj/LaunchScreen.storyboard; sourceTree = "<group>"; };
		DDFF75932AE15591009AFD0F /* Info.plist */ = {isa = PBXFileReference; lastKnownFileType = text.plist.xml; path = Info.plist; sourceTree = "<group>"; };
		DDFF75992AE15D4D009AFD0F /* SetupTakePhotoView.swift */ = {isa = PBXFileReference; lastKnownFileType = sourcecode.swift; path = SetupTakePhotoView.swift; sourceTree = "<group>"; };
		DDFF759B2AE1619A009AFD0F /* SetupProcessPhotoView.swift */ = {isa = PBXFileReference; lastKnownFileType = sourcecode.swift; path = SetupProcessPhotoView.swift; sourceTree = "<group>"; };
/* End PBXFileReference section */

/* Begin PBXFrameworksBuildPhase section */
		DDFF757F2AE1558D009AFD0F /* Frameworks */ = {
			isa = PBXFrameworksBuildPhase;
			buildActionMask = 2147483647;
			files = (
			);
			runOnlyForDeploymentPostprocessing = 0;
		};
/* End PBXFrameworksBuildPhase section */

/* Begin PBXGroup section */
		DD8FDB972AE5228F00D33525 /* Frameworks */ = {
			isa = PBXGroup;
			children = (
			);
			name = Frameworks;
			sourceTree = "<group>";
		};
		DD8FDBA62AE548AE00D33525 /* PhotoProcess */ = {
			isa = PBXGroup;
			children = (
				DD8FDBA72AE548D000D33525 /* StripeDetection.swift */,
			);
			path = PhotoProcess;
			sourceTree = "<group>";
		};
		DDFF75792AE1558C009AFD0F = {
			isa = PBXGroup;
			children = (
				DDFF75842AE1558D009AFD0F /* TestStripAnalyzer */,
				DDFF75832AE1558D009AFD0F /* Products */,
				DD8FDB972AE5228F00D33525 /* Frameworks */,
			);
			sourceTree = "<group>";
		};
		DDFF75832AE1558D009AFD0F /* Products */ = {
			isa = PBXGroup;
			children = (
				DDFF75822AE1558D009AFD0F /* TestStripAnalyzer.app */,
			);
			name = Products;
			sourceTree = "<group>";
		};
		DDFF75842AE1558D009AFD0F /* TestStripAnalyzer */ = {
			isa = PBXGroup;
			children = (
				DD8FDBA62AE548AE00D33525 /* PhotoProcess */,
				DDFF759E2AE1757D009AFD0F /* Setup */,
				DDFF75852AE1558D009AFD0F /* AppDelegate.swift */,
				DDFF75872AE1558D009AFD0F /* SceneDelegate.swift */,
				DDFF758B2AE1558D009AFD0F /* Main.storyboard */,
				DDFF758E2AE15591009AFD0F /* Assets.xcassets */,
				DDFF75902AE15591009AFD0F /* LaunchScreen.storyboard */,
				DDFF75932AE15591009AFD0F /* Info.plist */,
			);
			path = TestStripAnalyzer;
			sourceTree = "<group>";
		};
		DDFF759E2AE1757D009AFD0F /* Setup */ = {
			isa = PBXGroup;
			children = (
				DDFF75892AE1558D009AFD0F /* SetupViewController.swift */,
				DDFF75992AE15D4D009AFD0F /* SetupTakePhotoView.swift */,
				DDFF759B2AE1619A009AFD0F /* SetupProcessPhotoView.swift */,
				DDAE77322AE66D0400CEAFC2 /* SetupChangeBoxView.swift */,
			);
			path = Setup;
			sourceTree = "<group>";
		};
/* End PBXGroup section */

/* Begin PBXNativeTarget section */
		DDFF75812AE1558D009AFD0F /* TestStripAnalyzer */ = {
			isa = PBXNativeTarget;
			buildConfigurationList = DDFF75962AE15591009AFD0F /* Build configuration list for PBXNativeTarget "TestStripAnalyzer" */;
			buildPhases = (
				DDFF757E2AE1558D009AFD0F /* Sources */,
				DDFF757F2AE1558D009AFD0F /* Frameworks */,
				DDFF75802AE1558D009AFD0F /* Resources */,
				DD8FDB9B2AE5228F00D33525 /* Embed Frameworks */,
			);
			buildRules = (
			);
			dependencies = (
			);
			name = TestStripAnalyzer;
			productName = TestStripAnalyzer;
			productReference = DDFF75822AE1558D009AFD0F /* TestStripAnalyzer.app */;
			productType = "com.apple.product-type.application";
		};
/* End PBXNativeTarget section */

/* Begin PBXProject section */
		DDFF757A2AE1558C009AFD0F /* Project object */ = {
			isa = PBXProject;
			attributes = {
				BuildIndependentTargetsInParallel = 1;
				LastSwiftUpdateCheck = 1500;
				LastUpgradeCheck = 1500;
				TargetAttributes = {
					DDFF75812AE1558D009AFD0F = {
						CreatedOnToolsVersion = 15.0;
						LastSwiftMigration = 1500;
					};
				};
			};
			buildConfigurationList = DDFF757D2AE1558C009AFD0F /* Build configuration list for PBXProject "TestStripAnalyzer" */;
			compatibilityVersion = "Xcode 14.0";
			developmentRegion = en;
			hasScannedForEncodings = 0;
			knownRegions = (
				en,
				Base,
			);
			mainGroup = DDFF75792AE1558C009AFD0F;
			productRefGroup = DDFF75832AE1558D009AFD0F /* Products */;
			projectDirPath = "";
			projectRoot = "";
			targets = (
				DDFF75812AE1558D009AFD0F /* TestStripAnalyzer */,
			);
		};
/* End PBXProject section */

/* Begin PBXResourcesBuildPhase section */
		DDFF75802AE1558D009AFD0F /* Resources */ = {
			isa = PBXResourcesBuildPhase;
			buildActionMask = 2147483647;
			files = (
				DDFF75922AE15591009AFD0F /* LaunchScreen.storyboard in Resources */,
				DDFF758F2AE15591009AFD0F /* Assets.xcassets in Resources */,
				DDFF758D2AE1558D009AFD0F /* Main.storyboard in Resources */,
			);
			runOnlyForDeploymentPostprocessing = 0;
		};
/* End PBXResourcesBuildPhase section */

/* Begin PBXSourcesBuildPhase section */
		DDFF757E2AE1558D009AFD0F /* Sources */ = {
			isa = PBXSourcesBuildPhase;
			buildActionMask = 2147483647;
			files = (
				DDFF758A2AE1558D009AFD0F /* SetupViewController.swift in Sources */,
				DDAE77332AE66D0400CEAFC2 /* SetupChangeBoxView.swift in Sources */,
				DDFF759C2AE1619A009AFD0F /* SetupProcessPhotoView.swift in Sources */,
				DDFF75862AE1558D009AFD0F /* AppDelegate.swift in Sources */,
				DDFF759A2AE15D4D009AFD0F /* SetupTakePhotoView.swift in Sources */,
				DD8FDBA82AE548D000D33525 /* StripeDetection.swift in Sources */,
				DDFF75882AE1558D009AFD0F /* SceneDelegate.swift in Sources */,
			);
			runOnlyForDeploymentPostprocessing = 0;
		};
/* End PBXSourcesBuildPhase section */

/* Begin PBXVariantGroup section */
		DDFF758B2AE1558D009AFD0F /* Main.storyboard */ = {
			isa = PBXVariantGroup;
			children = (
				DDFF758C2AE1558D009AFD0F /* Base */,
			);
			name = Main.storyboard;
			sourceTree = "<group>";
		};
		DDFF75902AE15591009AFD0F /* LaunchScreen.storyboard */ = {
			isa = PBXVariantGroup;
			children = (
				DDFF75912AE15591009AFD0F /* Base */,
			);
			name = LaunchScreen.storyboard;
			sourceTree = "<group>";
		};
/* End PBXVariantGroup section */

/* Begin XCBuildConfiguration section */
		DDFF75942AE15591009AFD0F /* Debug */ = {
			isa = XCBuildConfiguration;
			buildSettings = {
				ALWAYS_SEARCH_USER_PATHS = NO;
				ASSETCATALOG_COMPILER_GENERATE_SWIFT_ASSET_SYMBOL_EXTENSIONS = YES;
				CLANG_ANALYZER_NONNULL = YES;
				CLANG_ANALYZER_NUMBER_OBJECT_CONVERSION = YES_AGGRESSIVE;
				CLANG_CXX_LANGUAGE_STANDARD = "gnu++20";
				CLANG_ENABLE_MODULES = YES;
				CLANG_ENABLE_OBJC_ARC = YES;
				CLANG_ENABLE_OBJC_WEAK = YES;
				CLANG_WARN_BLOCK_CAPTURE_AUTORELEASING = YES;
				CLANG_WARN_BOOL_CONVERSION = YES;
				CLANG_WARN_COMMA = YES;
				CLANG_WARN_CONSTANT_CONVERSION = YES;
				CLANG_WARN_DEPRECATED_OBJC_IMPLEMENTATIONS = YES;
				CLANG_WARN_DIRECT_OBJC_ISA_USAGE = YES_ERROR;
				CLANG_WARN_DOCUMENTATION_COMMENTS = YES;
				CLANG_WARN_EMPTY_BODY = YES;
				CLANG_WARN_ENUM_CONVERSION = YES;
				CLANG_WARN_INFINITE_RECURSION = YES;
				CLANG_WARN_INT_CONVERSION = YES;
				CLANG_WARN_NON_LITERAL_NULL_CONVERSION = YES;
				CLANG_WARN_OBJC_IMPLICIT_RETAIN_SELF = YES;
				CLANG_WARN_OBJC_LITERAL_CONVERSION = YES;
				CLANG_WARN_OBJC_ROOT_CLASS = YES_ERROR;
				CLANG_WARN_QUOTED_INCLUDE_IN_FRAMEWORK_HEADER = YES;
				CLANG_WARN_RANGE_LOOP_ANALYSIS = YES;
				CLANG_WARN_STRICT_PROTOTYPES = YES;
				CLANG_WARN_SUSPICIOUS_MOVE = YES;
				CLANG_WARN_UNGUARDED_AVAILABILITY = YES_AGGRESSIVE;
				CLANG_WARN_UNREACHABLE_CODE = YES;
				CLANG_WARN__DUPLICATE_METHOD_MATCH = YES;
				COPY_PHASE_STRIP = NO;
				DEBUG_INFORMATION_FORMAT = dwarf;
				ENABLE_STRICT_OBJC_MSGSEND = YES;
				ENABLE_TESTABILITY = YES;
				ENABLE_USER_SCRIPT_SANDBOXING = YES;
				GCC_C_LANGUAGE_STANDARD = gnu17;
				GCC_DYNAMIC_NO_PIC = NO;
				GCC_NO_COMMON_BLOCKS = YES;
				GCC_OPTIMIZATION_LEVEL = 0;
				GCC_PREPROCESSOR_DEFINITIONS = (
					"DEBUG=1",
					"$(inherited)",
				);
				GCC_WARN_64_TO_32_BIT_CONVERSION = YES;
				GCC_WARN_ABOUT_RETURN_TYPE = YES_ERROR;
				GCC_WARN_UNDECLARED_SELECTOR = YES;
				GCC_WARN_UNINITIALIZED_AUTOS = YES_AGGRESSIVE;
				GCC_WARN_UNUSED_FUNCTION = YES;
				GCC_WARN_UNUSED_VARIABLE = YES;
				IPHONEOS_DEPLOYMENT_TARGET = 17.0;
				LOCALIZATION_PREFERS_STRING_CATALOGS = YES;
				MTL_ENABLE_DEBUG_INFO = INCLUDE_SOURCE;
				MTL_FAST_MATH = YES;
				ONLY_ACTIVE_ARCH = YES;
				SDKROOT = iphoneos;
				SWIFT_ACTIVE_COMPILATION_CONDITIONS = "DEBUG $(inherited)";
				SWIFT_OPTIMIZATION_LEVEL = "-Onone";
			};
			name = Debug;
		};
		DDFF75952AE15591009AFD0F /* Release */ = {
			isa = XCBuildConfiguration;
			buildSettings = {
				ALWAYS_SEARCH_USER_PATHS = NO;
				ASSETCATALOG_COMPILER_GENERATE_SWIFT_ASSET_SYMBOL_EXTENSIONS = YES;
				CLANG_ANALYZER_NONNULL = YES;
				CLANG_ANALYZER_NUMBER_OBJECT_CONVERSION = YES_AGGRESSIVE;
				CLANG_CXX_LANGUAGE_STANDARD = "gnu++20";
				CLANG_ENABLE_MODULES = YES;
				CLANG_ENABLE_OBJC_ARC = YES;
				CLANG_ENABLE_OBJC_WEAK = YES;
				CLANG_WARN_BLOCK_CAPTURE_AUTORELEASING = YES;
				CLANG_WARN_BOOL_CONVERSION = YES;
				CLANG_WARN_COMMA = YES;
				CLANG_WARN_CONSTANT_CONVERSION = YES;
				CLANG_WARN_DEPRECATED_OBJC_IMPLEMENTATIONS = YES;
				CLANG_WARN_DIRECT_OBJC_ISA_USAGE = YES_ERROR;
				CLANG_WARN_DOCUMENTATION_COMMENTS = YES;
				CLANG_WARN_EMPTY_BODY = YES;
				CLANG_WARN_ENUM_CONVERSION = YES;
				CLANG_WARN_INFINITE_RECURSION = YES;
				CLANG_WARN_INT_CONVERSION = YES;
				CLANG_WARN_NON_LITERAL_NULL_CONVERSION = YES;
				CLANG_WARN_OBJC_IMPLICIT_RETAIN_SELF = YES;
				CLANG_WARN_OBJC_LITERAL_CONVERSION = YES;
				CLANG_WARN_OBJC_ROOT_CLASS = YES_ERROR;
				CLANG_WARN_QUOTED_INCLUDE_IN_FRAMEWORK_HEADER = YES;
				CLANG_WARN_RANGE_LOOP_ANALYSIS = YES;
				CLANG_WARN_STRICT_PROTOTYPES = YES;
				CLANG_WARN_SUSPICIOUS_MOVE = YES;
				CLANG_WARN_UNGUARDED_AVAILABILITY = YES_AGGRESSIVE;
				CLANG_WARN_UNREACHABLE_CODE = YES;
				CLANG_WARN__DUPLICATE_METHOD_MATCH = YES;
				COPY_PHASE_STRIP = NO;
				DEBUG_INFORMATION_FORMAT = "dwarf-with-dsym";
				ENABLE_NS_ASSERTIONS = NO;
				ENABLE_STRICT_OBJC_MSGSEND = YES;
				ENABLE_USER_SCRIPT_SANDBOXING = YES;
				GCC_C_LANGUAGE_STANDARD = gnu17;
				GCC_NO_COMMON_BLOCKS = YES;
				GCC_WARN_64_TO_32_BIT_CONVERSION = YES;
				GCC_WARN_ABOUT_RETURN_TYPE = YES_ERROR;
				GCC_WARN_UNDECLARED_SELECTOR = YES;
				GCC_WARN_UNINITIALIZED_AUTOS = YES_AGGRESSIVE;
				GCC_WARN_UNUSED_FUNCTION = YES;
				GCC_WARN_UNUSED_VARIABLE = YES;
				IPHONEOS_DEPLOYMENT_TARGET = 17.0;
				LOCALIZATION_PREFERS_STRING_CATALOGS = YES;
				MTL_ENABLE_DEBUG_INFO = NO;
				MTL_FAST_MATH = YES;
				SDKROOT = iphoneos;
				SWIFT_COMPILATION_MODE = wholemodule;
				VALIDATE_PRODUCT = YES;
			};
			name = Release;
		};
		DDFF75972AE15591009AFD0F /* Debug */ = {
			isa = XCBuildConfiguration;
			buildSettings = {
				ASSETCATALOG_COMPILER_APPICON_NAME = AppIcon;
				ASSETCATALOG_COMPILER_GLOBAL_ACCENT_COLOR_NAME = AccentColor;
				CLANG_ENABLE_MODULES = YES;
				CODE_SIGN_STYLE = Automatic;
				CURRENT_PROJECT_VERSION = 1;
				DEVELOPMENT_TEAM = G2K7ACGCLX;
				FRAMEWORK_SEARCH_PATHS = (
					"$(inherited)",
					"$(PROJECT_DIR)",
				);
				GCC_PRECOMPILE_PREFIX_HEADER = NO;
				GENERATE_INFOPLIST_FILE = YES;
				INFOPLIST_FILE = TestStripAnalyzer/Info.plist;
				INFOPLIST_KEY_UIApplicationSupportsIndirectInputEvents = YES;
				INFOPLIST_KEY_UILaunchStoryboardName = LaunchScreen;
				INFOPLIST_KEY_UIMainStoryboardFile = Main;
				INFOPLIST_KEY_UISupportedInterfaceOrientations_iPad = UIInterfaceOrientationPortrait;
				INFOPLIST_KEY_UISupportedInterfaceOrientations_iPhone = UIInterfaceOrientationPortrait;
				LD_RUNPATH_SEARCH_PATHS = (
					"$(inherited)",
					"@executable_path/Frameworks",
				);
				MARKETING_VERSION = 1.0;
				PRODUCT_BUNDLE_IDENTIFIER = huntler.TestStripAnalyzer;
				PRODUCT_NAME = "$(TARGET_NAME)";
				SWIFT_EMIT_LOC_STRINGS = YES;
				SWIFT_OPTIMIZATION_LEVEL = "-Onone";
				SWIFT_PRECOMPILE_BRIDGING_HEADER = NO;
				SWIFT_VERSION = 5.0;
				TARGETED_DEVICE_FAMILY = 1;
			};
			name = Debug;
		};
		DDFF75982AE15591009AFD0F /* Release */ = {
			isa = XCBuildConfiguration;
			buildSettings = {
				ASSETCATALOG_COMPILER_APPICON_NAME = AppIcon;
				ASSETCATALOG_COMPILER_GLOBAL_ACCENT_COLOR_NAME = AccentColor;
				CLANG_ENABLE_MODULES = YES;
				CODE_SIGN_STYLE = Automatic;
				CURRENT_PROJECT_VERSION = 1;
				DEVELOPMENT_TEAM = G2K7ACGCLX;
				FRAMEWORK_SEARCH_PATHS = (
					"$(inherited)",
					"$(PROJECT_DIR)",
				);
				GCC_PRECOMPILE_PREFIX_HEADER = NO;
				GENERATE_INFOPLIST_FILE = YES;
				INFOPLIST_FILE = TestStripAnalyzer/Info.plist;
				INFOPLIST_KEY_UIApplicationSupportsIndirectInputEvents = YES;
				INFOPLIST_KEY_UILaunchStoryboardName = LaunchScreen;
				INFOPLIST_KEY_UIMainStoryboardFile = Main;
				INFOPLIST_KEY_UISupportedInterfaceOrientations_iPad = UIInterfaceOrientationPortrait;
				INFOPLIST_KEY_UISupportedInterfaceOrientations_iPhone = UIInterfaceOrientationPortrait;
				LD_RUNPATH_SEARCH_PATHS = (
					"$(inherited)",
					"@executable_path/Frameworks",
				);
				MARKETING_VERSION = 1.0;
				PRODUCT_BUNDLE_IDENTIFIER = huntler.TestStripAnalyzer;
				PRODUCT_NAME = "$(TARGET_NAME)";
				SWIFT_EMIT_LOC_STRINGS = YES;
				SWIFT_PRECOMPILE_BRIDGING_HEADER = NO;
				SWIFT_VERSION = 5.0;
				TARGETED_DEVICE_FAMILY = 1;
			};
			name = Release;
		};
/* End XCBuildConfiguration section */

/* Begin XCConfigurationList section */
		DDFF757D2AE1558C009AFD0F /* Build configuration list for PBXProject "TestStripAnalyzer" */ = {
			isa = XCConfigurationList;
			buildConfigurations = (
				DDFF75942AE15591009AFD0F /* Debug */,
				DDFF75952AE15591009AFD0F /* Release */,
			);
			defaultConfigurationIsVisible = 0;
			defaultConfigurationName = Release;
		};
		DDFF75962AE15591009AFD0F /* Build configuration list for PBXNativeTarget "TestStripAnalyzer" */ = {
			isa = XCConfigurationList;
			buildConfigurations = (
				DDFF75972AE15591009AFD0F /* Debug */,
				DDFF75982AE15591009AFD0F /* Release */,
			);
			defaultConfigurationIsVisible = 0;
			defaultConfigurationName = Release;
		};
/* End XCConfigurationList section */
	};
	rootObject = DDFF757A2AE1558C009AFD0F /* Project object */;
}
